# This file is autogenerated, do not edit; changes may be undone by the next 'dep ensure'.


[[projects]]
  branch = "master"
  digest = "1:1886d5d4c811c7c6936c49e01afd5b2e8e7216dc7c4d5cacb688a9492a0289ec"
  name = "github.com/bazo-blockchain/bazo-smartcontract"
  packages = ["src/vm"]
  pruneopts = "UT"
  revision = "dfdb802fa688f9ac33ab2f116adcc952f687ec36"

[[projects]]
  digest = "1:2e3c336fc7fde5c984d2841455a658a6d626450b1754a854b3b32e7a8f49a07a"
  name = "github.com/google/go-cmp"
  packages = [
    "cmp",
    "cmp/internal/diff",
    "cmp/internal/function",
    "cmp/internal/value",
  ]
  pruneopts = "UT"
  revision = "3af367b6b30c263d47e8895973edcca9a49cf029"
  version = "v0.2.0"

[[projects]]
  digest = "1:870d441fe217b8e689d7949fef6e43efbc787e50f200cb1e70dbca9204a1d6be"
  name = "github.com/inconshreveable/mousetrap"
  packages = ["."]
  pruneopts = "UT"
  revision = "76626ae9c91c4f2a10f34cad8ce83ea42c93bb75"
  version = "v1.0"

[[projects]]
  digest = "1:cf31692c14422fa27c83a05292eb5cbe0fb2775972e8f1f8446a71549bd8980b"
  name = "github.com/pkg/errors"
  packages = ["."]
  pruneopts = "UT"
  revision = "ba968bfe8b2f7e042a574c888954fccecfa385b4"
  version = "v0.8.1"

[[projects]]
  digest = "1:645cabccbb4fa8aab25a956cbcbdf6a6845ca736b2c64e197ca7cbb9d210b939"
  name = "github.com/spf13/cobra"
  packages = ["."]
  pruneopts = "UT"
  revision = "ef82de70bb3f60c65fb8eebacbb2d122ef517385"
  version = "v0.0.3"

[[projects]]
  digest = "1:c1b1102241e7f645bc8e0c22ae352e8f0dc6484b6cb4d132fa9f24174e0119e2"
  name = "github.com/spf13/pflag"
  packages = ["."]
  pruneopts = "UT"
  revision = "298182f68c66c05229eb03ac171abe6e309ee79a"
  version = "v1.0.3"

[[projects]]
  branch = "master"
  digest = "1:3f90dee4af89e883d947b9a015d95323f62578a2b07819779ca283a1c1b5b0cb"
  name = "github.com/tk-codes/bazo-smartcontract"
  packages = [
    "src/parser",
    "src/vm",
  ]
  pruneopts = "UT"
  revision = "fbbeabcfa78fc42da4c5c0f83ef0a8a71bda6e28"

[[projects]]
  branch = "master"
  digest = "1:d193d0292355f8fada46cf77967d64df52ce6e0a757f81a3a1b2626ac77d649d"
  name = "golang.org/x/crypto"
  packages = ["sha3"]
  pruneopts = "UT"
  revision = "a1f597ede03a7bef967a422b5b3a5bd08805a01e"

[[projects]]
  branch = "master"
  digest = "1:d3229d0c4f5a29399fe3d39cd64de216af15f8bce9a00932c0a7a5ddaa6418f7"
  name = "golang.org/x/sys"
  packages = [
    "cpu",
    "unix",
  ]
  pruneopts = "UT"
  revision = "6c81ef8f67ca3f42fc9cd71dfbd5f35b0c4b5771"

[[projects]]
  digest = "1:2ad5e4bbe42ffd64b10babe1ec1ac99d64122170cb2524326ad81708ebd0b9cc"
  name = "gotest.tools"
  packages = [
    "assert",
    "assert/cmp",
    "internal/difflib",
    "internal/format",
    "internal/source",
  ]
  pruneopts = "UT"
  revision = "1083505acf35a0bd8a696b26837e1fb3187a7a83"
  version = "v2.3.0"

[solve-meta]
  analyzer-name = "dep"
  analyzer-version = 1
  input-imports = [
    "github.com/pkg/errors",
    "github.com/spf13/cobra",
    "github.com/tk-codes/bazo-smartcontract/src/parser",
    "github.com/tk-codes/bazo-smartcontract/src/vm",
    "gotest.tools/assert",
  ]
  solver-name = "gps-cdcl"
  solver-version = 1
